
Microsoft Visual Studio Solution File, Format Version 12.00
# Visual Studio Version 17
VisualStudioVersion = 17.6.33815.320
MinimumVisualStudioVersion = 10.0.40219.1
Project("{FAE04EC0-301F-11D3-BF4B-00C04F79EFBC}") = "dockerContainer", "dockerContainer\dockerContainer.csproj", "{3828A6C3-651F-453A-AF85-DECD1EEEDAAF}"
EndProject
Global
	GlobalSection(SolutionConfigurationPlatforms) = preSolution
		Debug|Any CPU = Debug|Any CPU
		Release|Any CPU = Release|Any CPU
	EndGlobalSection
	GlobalSection(ProjectConfigurationPlatforms) = postSolution
		{3828A6C3-651F-453A-AF85-DECD1EEEDAAF}.Debug|Any CPU.ActiveCfg = Debug|Any CPU
		{3828A6C3-651F-453A-AF85-DECD1EEEDAAF}.Debug|Any CPU.Build.0 = Debug|Any CPU
		{3828A6C3-651F-453A-AF85-DECD1EEEDAAF}.Release|Any CPU.ActiveCfg = Release|Any CPU
		{3828A6C3-651F-453A-AF85-DECD1EEEDAAF}.Release|Any CPU.Build.0 = Release|Any CPU
	EndGlobalSection
	GlobalSection(SolutionProperties) = preSolution
		HideSolutionNode = FALSE
	EndGlobalSection
	GlobalSection(ExtensibilityGlobals) = postSolution
		SolutionGuid = {54DAB5E2-A46C-4ADA-A7F5-4D9A123D3400}
	EndGlobalSection
EndGlobal
